// !$*UTF8*$!
{
	archiveVersion = 1;
	classes = {
	};
	objectVersion = 51;
	objects = {

/* Begin PBXBuildFile section */
		12F596EEE5B29E81C358AB3A /* Pods_FireChat.framework in Frameworks */ = {isa = PBXBuildFile; fileRef = 2D3F3219CEC2CDAB2D801ACB /* Pods_FireChat.framework */; };
		371347E5261F74310040182C /* GoogleService-Info.plist in Resources */ = {isa = PBXBuildFile; fileRef = 371347E4261F74310040182C /* GoogleService-Info.plist */; };
		3792F72B2620CBF500F9AEAD /* DatabaseManager.swift in Sources */ = {isa = PBXBuildFile; fileRef = 3792F72A2620CBF500F9AEAD /* DatabaseManager.swift */; };
		3792F72E2620CD7800F9AEAD /* User.swift in Sources */ = {isa = PBXBuildFile; fileRef = 3792F72D2620CD7800F9AEAD /* User.swift */; };
		3792F7312620EC9A00F9AEAD /* HomeView.swift in Sources */ = {isa = PBXBuildFile; fileRef = 3792F7302620EC9A00F9AEAD /* HomeView.swift */; };
		3792F7342620FA7900F9AEAD /* ChatsView.swift in Sources */ = {isa = PBXBuildFile; fileRef = 3792F7332620FA7900F9AEAD /* ChatsView.swift */; };
		3792F7372620FA8600F9AEAD /* ProfileView.swift in Sources */ = {isa = PBXBuildFile; fileRef = 3792F7362620FA8600F9AEAD /* ProfileView.swift */; };
		3792F7732622348100F9AEAD /* SplashView.swift in Sources */ = {isa = PBXBuildFile; fileRef = 3792F7722622348100F9AEAD /* SplashView.swift */; };
		3792F77D26223A5400F9AEAD /* ScreenRouter.swift in Sources */ = {isa = PBXBuildFile; fileRef = 3792F77C26223A5400F9AEAD /* ScreenRouter.swift */; };
		37B1F4E8261B731B0068311C /* FireChatApp.swift in Sources */ = {isa = PBXBuildFile; fileRef = 37B1F4E7261B731B0068311C /* FireChatApp.swift */; };
		37B1F4EA261B731B0068311C /* MainView.swift in Sources */ = {isa = PBXBuildFile; fileRef = 37B1F4E9261B731B0068311C /* MainView.swift */; };
		37B1F4EC261B731C0068311C /* Assets.xcassets in Resources */ = {isa = PBXBuildFile; fileRef = 37B1F4EB261B731C0068311C /* Assets.xcassets */; };
		37B1F4EF261B731C0068311C /* Preview Assets.xcassets in Resources */ = {isa = PBXBuildFile; fileRef = 37B1F4EE261B731C0068311C /* Preview Assets.xcassets */; };
		37FF1464261CDA3B00DE76C1 /* LoginView.swift in Sources */ = {isa = PBXBuildFile; fileRef = 37FF1463261CDA3B00DE76C1 /* LoginView.swift */; };
		37FF1467261CDD6D00DE76C1 /* RegisterView.swift in Sources */ = {isa = PBXBuildFile; fileRef = 37FF1466261CDD6D00DE76C1 /* RegisterView.swift */; };
/* End PBXBuildFile section */

/* Begin PBXFileReference section */
		2D3F3219CEC2CDAB2D801ACB /* Pods_FireChat.framework */ = {isa = PBXFileReference; explicitFileType = wrapper.framework; includeInIndex = 0; path = Pods_FireChat.framework; sourceTree = BUILT_PRODUCTS_DIR; };
		371347E4261F74310040182C /* GoogleService-Info.plist */ = {isa = PBXFileReference; fileEncoding = 4; lastKnownFileType = text.plist.xml; name = "GoogleService-Info.plist"; path = "../../../../Downloads/GoogleService-Info.plist"; sourceTree = "<group>"; };
		3792F72A2620CBF500F9AEAD /* DatabaseManager.swift */ = {isa = PBXFileReference; lastKnownFileType = sourcecode.swift; path = DatabaseManager.swift; sourceTree = "<group>"; };
		3792F72D2620CD7800F9AEAD /* User.swift */ = {isa = PBXFileReference; lastKnownFileType = sourcecode.swift; path = User.swift; sourceTree = "<group>"; };
		3792F7302620EC9A00F9AEAD /* HomeView.swift */ = {isa = PBXFileReference; lastKnownFileType = sourcecode.swift; path = HomeView.swift; sourceTree = "<group>"; };
		3792F7332620FA7900F9AEAD /* ChatsView.swift */ = {isa = PBXFileReference; lastKnownFileType = sourcecode.swift; path = ChatsView.swift; sourceTree = "<group>"; };
		3792F7362620FA8600F9AEAD /* ProfileView.swift */ = {isa = PBXFileReference; lastKnownFileType = sourcecode.swift; path = ProfileView.swift; sourceTree = "<group>"; };
		3792F7722622348100F9AEAD /* SplashView.swift */ = {isa = PBXFileReference; lastKnownFileType = sourcecode.swift; path = SplashView.swift; sourceTree = "<group>"; };
		3792F77C26223A5400F9AEAD /* ScreenRouter.swift */ = {isa = PBXFileReference; lastKnownFileType = sourcecode.swift; path = ScreenRouter.swift; sourceTree = "<group>"; };
		37B1F4E4261B731B0068311C /* FireChat.app */ = {isa = PBXFileReference; explicitFileType = wrapper.application; includeInIndex = 0; path = FireChat.app; sourceTree = BUILT_PRODUCTS_DIR; };
		37B1F4E7261B731B0068311C /* FireChatApp.swift */ = {isa = PBXFileReference; lastKnownFileType = sourcecode.swift; path = FireChatApp.swift; sourceTree = "<group>"; };
		37B1F4E9261B731B0068311C /* MainView.swift */ = {isa = PBXFileReference; lastKnownFileType = sourcecode.swift; path = MainView.swift; sourceTree = "<group>"; };
		37B1F4EB261B731C0068311C /* Assets.xcassets */ = {isa = PBXFileReference; lastKnownFileType = folder.assetcatalog; path = Assets.xcassets; sourceTree = "<group>"; };
		37B1F4EE261B731C0068311C /* Preview Assets.xcassets */ = {isa = PBXFileReference; lastKnownFileType = folder.assetcatalog; path = "Preview Assets.xcassets"; sourceTree = "<group>"; };
		37B1F4F0261B731C0068311C /* Info.plist */ = {isa = PBXFileReference; lastKnownFileType = text.plist.xml; path = Info.plist; sourceTree = "<group>"; };
		37FF1463261CDA3B00DE76C1 /* LoginView.swift */ = {isa = PBXFileReference; lastKnownFileType = sourcecode.swift; path = LoginView.swift; sourceTree = "<group>"; };
		37FF1466261CDD6D00DE76C1 /* RegisterView.swift */ = {isa = PBXFileReference; lastKnownFileType = sourcecode.swift; path = RegisterView.swift; sourceTree = "<group>"; };
		C328FF1451BF92E0CC492D6A /* Pods-FireChat.release.xcconfig */ = {isa = PBXFileReference; includeInIndex = 1; lastKnownFileType = text.xcconfig; name = "Pods-FireChat.release.xcconfig"; path = "Target Support Files/Pods-FireChat/Pods-FireChat.release.xcconfig"; sourceTree = "<group>"; };
		CF70B4FC06F8561F2D2BAF0B /* Pods-FireChat.debug.xcconfig */ = {isa = PBXFileReference; includeInIndex = 1; lastKnownFileType = text.xcconfig; name = "Pods-FireChat.debug.xcconfig"; path = "Target Support Files/Pods-FireChat/Pods-FireChat.debug.xcconfig"; sourceTree = "<group>"; };
/* End PBXFileReference section */

/* Begin PBXFrameworksBuildPhase section */
		37B1F4E1261B731A0068311C /* Frameworks */ = {
			isa = PBXFrameworksBuildPhase;
			buildActionMask = 2147483647;
			files = (
				12F596EEE5B29E81C358AB3A /* Pods_FireChat.framework in Frameworks */,
			);
			runOnlyForDeploymentPostprocessing = 0;
		};
/* End PBXFrameworksBuildPhase section */

/* Begin PBXGroup section */
		37B1F4DB261B731A0068311C = {
			isa = PBXGroup;
			children = (
				37B1F4E6261B731B0068311C /* FireChat */,
				37B1F4E5261B731B0068311C /* Products */,
				80046FC039EB31B6A440CFA5 /* Pods */,
				B65918A3854A2E71F64CB4A0 /* Frameworks */,
			);
			sourceTree = "<group>";
		};
		37B1F4E5261B731B0068311C /* Products */ = {
			isa = PBXGroup;
			children = (
				37B1F4E4261B731B0068311C /* FireChat.app */,
			);
			name = Products;
			sourceTree = "<group>";
		};
		37B1F4E6261B731B0068311C /* FireChat */ = {
			isa = PBXGroup;
			children = (
				37B1F4FB261B766A0068311C /* Resources */,
				37B1F4F9261B765D0068311C /* ViewModels */,
				37B1F4F8261B76560068311C /* Views */,
				37B1F4F7261B764C0068311C /* Models */,
				37B1F4E7261B731B0068311C /* FireChatApp.swift */,
				37B1F4EB261B731C0068311C /* Assets.xcassets */,
				371347E4261F74310040182C /* GoogleService-Info.plist */,
				37B1F4F0261B731C0068311C /* Info.plist */,
				37B1F4ED261B731C0068311C /* Preview Content */,
				3792F72A2620CBF500F9AEAD /* DatabaseManager.swift */,
			);
			path = FireChat;
			sourceTree = "<group>";
		};
		37B1F4ED261B731C0068311C /* Preview Content */ = {
			isa = PBXGroup;
			children = (
				37B1F4EE261B731C0068311C /* Preview Assets.xcassets */,
			);
			path = "Preview Content";
			sourceTree = "<group>";
		};
		37B1F4F7261B764C0068311C /* Models */ = {
			isa = PBXGroup;
			children = (
				3792F72D2620CD7800F9AEAD /* User.swift */,
			);
			path = Models;
			sourceTree = "<group>";
		};
		37B1F4F8261B76560068311C /* Views */ = {
			isa = PBXGroup;
			children = (
				37B1F4E9261B731B0068311C /* MainView.swift */,
				37FF1463261CDA3B00DE76C1 /* LoginView.swift */,
				37FF1466261CDD6D00DE76C1 /* RegisterView.swift */,
				3792F7302620EC9A00F9AEAD /* HomeView.swift */,
				3792F7332620FA7900F9AEAD /* ChatsView.swift */,
				3792F7362620FA8600F9AEAD /* ProfileView.swift */,
				3792F7722622348100F9AEAD /* SplashView.swift */,
				3792F77C26223A5400F9AEAD /* ScreenRouter.swift */,
			);
			path = Views;
			sourceTree = "<group>";
		};
		37B1F4F9261B765D0068311C /* ViewModels */ = {
			isa = PBXGroup;
			children = (
			);
			path = ViewModels;
			sourceTree = "<group>";
		};
		37B1F4FB261B766A0068311C /* Resources */ = {
			isa = PBXGroup;
			children = (
			);
			path = Resources;
			sourceTree = "<group>";
		};
		80046FC039EB31B6A440CFA5 /* Pods */ = {
			isa = PBXGroup;
			children = (
				CF70B4FC06F8561F2D2BAF0B /* Pods-FireChat.debug.xcconfig */,
				C328FF1451BF92E0CC492D6A /* Pods-FireChat.release.xcconfig */,
			);
			path = Pods;
			sourceTree = "<group>";
		};
		B65918A3854A2E71F64CB4A0 /* Frameworks */ = {
			isa = PBXGroup;
			children = (
				2D3F3219CEC2CDAB2D801ACB /* Pods_FireChat.framework */,
			);
			name = Frameworks;
			sourceTree = "<group>";
		};
/* End PBXGroup section */

/* Begin PBXNativeTarget section */
		37B1F4E3261B731A0068311C /* FireChat */ = {
			isa = PBXNativeTarget;
			buildConfigurationList = 37B1F4F3261B731C0068311C /* Build configuration list for PBXNativeTarget "FireChat" */;
			buildPhases = (
				6D413AA32C57ECB007B6B236 /* [CP] Check Pods Manifest.lock */,
				37B1F4E0261B731A0068311C /* Sources */,
				37B1F4E1261B731A0068311C /* Frameworks */,
				37B1F4E2261B731A0068311C /* Resources */,
				13EFC7DF30F621451C49D150 /* [CP] Embed Pods Frameworks */,
			);
			buildRules = (
			);
			dependencies = (
			);
			name = FireChat;
			productName = FireChat;
			productReference = 37B1F4E4261B731B0068311C /* FireChat.app */;
			productType = "com.apple.product-type.application";
		};
/* End PBXNativeTarget section */

/* Begin PBXProject section */
		37B1F4DC261B731A0068311C /* Project object */ = {
			isa = PBXProject;
			attributes = {
				LastSwiftUpdateCheck = 1240;
				LastUpgradeCheck = 1240;
				TargetAttributes = {
					37B1F4E3261B731A0068311C = {
						CreatedOnToolsVersion = 12.4;
					};
				};
			};
			buildConfigurationList = 37B1F4DF261B731A0068311C /* Build configuration list for PBXProject "FireChat" */;
			compatibilityVersion = "Xcode 9.3";
			developmentRegion = en;
			hasScannedForEncodings = 0;
			knownRegions = (
				en,
				Base,
			);
			mainGroup = 37B1F4DB261B731A0068311C;
			productRefGroup = 37B1F4E5261B731B0068311C /* Products */;
			projectDirPath = "";
			projectRoot = "";
			targets = (
				37B1F4E3261B731A0068311C /* FireChat */,
			);
		};
/* End PBXProject section */

/* Begin PBXResourcesBuildPhase section */
		37B1F4E2261B731A0068311C /* Resources */ = {
			isa = PBXResourcesBuildPhase;
			buildActionMask = 2147483647;
			files = (
				37B1F4EF261B731C0068311C /* Preview Assets.xcassets in Resources */,
				37B1F4EC261B731C0068311C /* Assets.xcassets in Resources */,
				371347E5261F74310040182C /* GoogleService-Info.plist in Resources */,
			);
			runOnlyForDeploymentPostprocessing = 0;
		};
/* End PBXResourcesBuildPhase section */

/* Begin PBXShellScriptBuildPhase section */
		13EFC7DF30F621451C49D150 /* [CP] Embed Pods Frameworks */ = {
			isa = PBXShellScriptBuildPhase;
			buildActionMask = 2147483647;
			files = (
			);
			inputFileListPaths = (
				"${PODS_ROOT}/Target Support Files/Pods-FireChat/Pods-FireChat-frameworks-${CONFIGURATION}-input-files.xcfilelist",
			);
			name = "[CP] Embed Pods Frameworks";
			outputFileListPaths = (
				"${PODS_ROOT}/Target Support Files/Pods-FireChat/Pods-FireChat-frameworks-${CONFIGURATION}-output-files.xcfilelist",
			);
			runOnlyForDeploymentPostprocessing = 0;
			shellPath = /bin/sh;
			shellScript = "\"${PODS_ROOT}/Target Support Files/Pods-FireChat/Pods-FireChat-frameworks.sh\"\n";
			showEnvVarsInLog = 0;
		};
		6D413AA32C57ECB007B6B236 /* [CP] Check Pods Manifest.lock */ = {
			isa = PBXShellScriptBuildPhase;
			buildActionMask = 2147483647;
			files = (
			);
			inputFileListPaths = (
			);
			inputPaths = (
				"${PODS_PODFILE_DIR_PATH}/Podfile.lock",
				"${PODS_ROOT}/Manifest.lock",
			);
			name = "[CP] Check Pods Manifest.lock";
			outputFileListPaths = (
			);
			outputPaths = (
				"$(DERIVED_FILE_DIR)/Pods-FireChat-checkManifestLockResult.txt",
			);
			runOnlyForDeploymentPostprocessing = 0;
			shellPath = /bin/sh;
			shellScript = "diff \"${PODS_PODFILE_DIR_PATH}/Podfile.lock\" \"${PODS_ROOT}/Manifest.lock\" > /dev/null\nif [ $? != 0 ] ; then\n    # print error to STDERR\n    echo \"error: The sandbox is not in sync with the Podfile.lock. Run 'pod install' or update your CocoaPods installation.\" >&2\n    exit 1\nfi\n# This output is used by Xcode 'outputs' to avoid re-running this script phase.\necho \"SUCCESS\" > \"${SCRIPT_OUTPUT_FILE_0}\"\n";
			showEnvVarsInLog = 0;
		};
/* End PBXShellScriptBuildPhase section */

/* Begin PBXSourcesBuildPhase section */
		37B1F4E0261B731A0068311C /* Sources */ = {
			isa = PBXSourcesBuildPhase;
			buildActionMask = 2147483647;
			files = (
				3792F7342620FA7900F9AEAD /* ChatsView.swift in Sources */,
				3792F7372620FA8600F9AEAD /* ProfileView.swift in Sources */,
				37FF1464261CDA3B00DE76C1 /* LoginView.swift in Sources */,
				3792F7312620EC9A00F9AEAD /* HomeView.swift in Sources */,
				37FF1467261CDD6D00DE76C1 /* RegisterView.swift in Sources */,
				3792F77D26223A5400F9AEAD /* ScreenRouter.swift in Sources */,
				3792F72E2620CD7800F9AEAD /* User.swift in Sources */,
				3792F72B2620CBF500F9AEAD /* DatabaseManager.swift in Sources */,
				3792F7732622348100F9AEAD /* SplashView.swift in Sources */,
				37B1F4EA261B731B0068311C /* MainView.swift in Sources */,
				37B1F4E8261B731B0068311C /* FireChatApp.swift in Sources */,
			);
			runOnlyForDeploymentPostprocessing = 0;
		};
/* End PBXSourcesBuildPhase section */

/* Begin XCBuildConfiguration section */
		37B1F4F1261B731C0068311C /* Debug */ = {
			isa = XCBuildConfiguration;
			buildSettings = {
				ALWAYS_SEARCH_USER_PATHS = NO;
				CLANG_ANALYZER_NONNULL = YES;
				CLANG_ANALYZER_NUMBER_OBJECT_CONVERSION = YES_AGGRESSIVE;
				CLANG_CXX_LANGUAGE_STANDARD = "gnu++14";
				CLANG_CXX_LIBRARY = "libc++";
				CLANG_ENABLE_MODULES = YES;
				CLANG_ENABLE_OBJC_ARC = YES;
				CLANG_ENABLE_OBJC_WEAK = YES;
				CLANG_WARN_BLOCK_CAPTURE_AUTORELEASING = YES;
				CLANG_WARN_BOOL_CONVERSION = YES;
				CLANG_WARN_COMMA = YES;
				CLANG_WARN_CONSTANT_CONVERSION = YES;
				CLANG_WARN_DEPRECATED_OBJC_IMPLEMENTATIONS = YES;
				CLANG_WARN_DIRECT_OBJC_ISA_USAGE = YES_ERROR;
				CLANG_WARN_DOCUMENTATION_COMMENTS = YES;
				CLANG_WARN_EMPTY_BODY = YES;
				CLANG_WARN_ENUM_CONVERSION = YES;
				CLANG_WARN_INFINITE_RECURSION = YES;
				CLANG_WARN_INT_CONVERSION = YES;
				CLANG_WARN_NON_LITERAL_NULL_CONVERSION = YES;
				CLANG_WARN_OBJC_IMPLICIT_RETAIN_SELF = YES;
				CLANG_WARN_OBJC_LITERAL_CONVERSION = YES;
				CLANG_WARN_OBJC_ROOT_CLASS = YES_ERROR;
				CLANG_WARN_QUOTED_INCLUDE_IN_FRAMEWORK_HEADER = YES;
				CLANG_WARN_RANGE_LOOP_ANALYSIS = YES;
				CLANG_WARN_STRICT_PROTOTYPES = YES;
				CLANG_WARN_SUSPICIOUS_MOVE = YES;
				CLANG_WARN_UNGUARDED_AVAILABILITY = YES_AGGRESSIVE;
				CLANG_WARN_UNREACHABLE_CODE = YES;
				CLANG_WARN__DUPLICATE_METHOD_MATCH = YES;
				COPY_PHASE_STRIP = NO;
				DEBUG_INFORMATION_FORMAT = dwarf;
				ENABLE_STRICT_OBJC_MSGSEND = YES;
				ENABLE_TESTABILITY = YES;
				GCC_C_LANGUAGE_STANDARD = gnu11;
				GCC_DYNAMIC_NO_PIC = NO;
				GCC_NO_COMMON_BLOCKS = YES;
				GCC_OPTIMIZATION_LEVEL = 0;
				GCC_PREPROCESSOR_DEFINITIONS = (
					"DEBUG=1",
					"$(inherited)",
				);
				GCC_WARN_64_TO_32_BIT_CONVERSION = YES;
				GCC_WARN_ABOUT_RETURN_TYPE = YES_ERROR;
				GCC_WARN_UNDECLARED_SELECTOR = YES;
				GCC_WARN_UNINITIALIZED_AUTOS = YES_AGGRESSIVE;
				GCC_WARN_UNUSED_FUNCTION = YES;
				GCC_WARN_UNUSED_VARIABLE = YES;
				IPHONEOS_DEPLOYMENT_TARGET = 14.4;
				MTL_ENABLE_DEBUG_INFO = INCLUDE_SOURCE;
				MTL_FAST_MATH = YES;
				ONLY_ACTIVE_ARCH = YES;
				SDKROOT = iphoneos;
				SWIFT_ACTIVE_COMPILATION_CONDITIONS = DEBUG;
				SWIFT_OPTIMIZATION_LEVEL = "-Onone";
			};
			name = Debug;
		};
		37B1F4F2261B731C0068311C /* Release */ = {
			isa = XCBuildConfiguration;
			buildSettings = {
				ALWAYS_SEARCH_USER_PATHS = NO;
				CLANG_ANALYZER_NONNULL = YES;
				CLANG_ANALYZER_NUMBER_OBJECT_CONVERSION = YES_AGGRESSIVE;
				CLANG_CXX_LANGUAGE_STANDARD = "gnu++14";
				CLANG_CXX_LIBRARY = "libc++";
				CLANG_ENABLE_MODULES = YES;
				CLANG_ENABLE_OBJC_ARC = YES;
				CLANG_ENABLE_OBJC_WEAK = YES;
				CLANG_WARN_BLOCK_CAPTURE_AUTORELEASING = YES;
				CLANG_WARN_BOOL_CONVERSION = YES;
				CLANG_WARN_COMMA = YES;
				CLANG_WARN_CONSTANT_CONVERSION = YES;
				CLANG_WARN_DEPRECATED_OBJC_IMPLEMENTATIONS = YES;
				CLANG_WARN_DIRECT_OBJC_ISA_USAGE = YES_ERROR;
				CLANG_WARN_DOCUMENTATION_COMMENTS = YES;
				CLANG_WARN_EMPTY_BODY = YES;
				CLANG_WARN_ENUM_CONVERSION = YES;
				CLANG_WARN_INFINITE_RECURSION = YES;
				CLANG_WARN_INT_CONVERSION = YES;
				CLANG_WARN_NON_LITERAL_NULL_CONVERSION = YES;
				CLANG_WARN_OBJC_IMPLICIT_RETAIN_SELF = YES;
				CLANG_WARN_OBJC_LITERAL_CONVERSION = YES;
				CLANG_WARN_OBJC_ROOT_CLASS = YES_ERROR;
				CLANG_WARN_QUOTED_INCLUDE_IN_FRAMEWORK_HEADER = YES;
				CLANG_WARN_RANGE_LOOP_ANALYSIS = YES;
				CLANG_WARN_STRICT_PROTOTYPES = YES;
				CLANG_WARN_SUSPICIOUS_MOVE = YES;
				CLANG_WARN_UNGUARDED_AVAILABILITY = YES_AGGRESSIVE;
				CLANG_WARN_UNREACHABLE_CODE = YES;
				CLANG_WARN__DUPLICATE_METHOD_MATCH = YES;
				COPY_PHASE_STRIP = NO;
				DEBUG_INFORMATION_FORMAT = "dwarf-with-dsym";
				ENABLE_NS_ASSERTIONS = NO;
				ENABLE_STRICT_OBJC_MSGSEND = YES;
				GCC_C_LANGUAGE_STANDARD = gnu11;
				GCC_NO_COMMON_BLOCKS = YES;
				GCC_WARN_64_TO_32_BIT_CONVERSION = YES;
				GCC_WARN_ABOUT_RETURN_TYPE = YES_ERROR;
				GCC_WARN_UNDECLARED_SELECTOR = YES;
				GCC_WARN_UNINITIALIZED_AUTOS = YES_AGGRESSIVE;
				GCC_WARN_UNUSED_FUNCTION = YES;
				GCC_WARN_UNUSED_VARIABLE = YES;
				IPHONEOS_DEPLOYMENT_TARGET = 14.4;
				MTL_ENABLE_DEBUG_INFO = NO;
				MTL_FAST_MATH = YES;
				SDKROOT = iphoneos;
				SWIFT_COMPILATION_MODE = wholemodule;
				SWIFT_OPTIMIZATION_LEVEL = "-O";
				VALIDATE_PRODUCT = YES;
			};
			name = Release;
		};
		37B1F4F4261B731C0068311C /* Debug */ = {
			isa = XCBuildConfiguration;
			baseConfigurationReference = CF70B4FC06F8561F2D2BAF0B /* Pods-FireChat.debug.xcconfig */;
			buildSettings = {
				ASSETCATALOG_COMPILER_APPICON_NAME = AppIcon;
				ASSETCATALOG_COMPILER_GLOBAL_ACCENT_COLOR_NAME = AccentColor;
				CODE_SIGN_STYLE = Automatic;
				DEVELOPMENT_ASSET_PATHS = "\"FireChat/Preview Content\"";
				DEVELOPMENT_TEAM = G6KCUL37UD;
				ENABLE_PREVIEWS = YES;
				INFOPLIST_FILE = FireChat/Info.plist;
				IPHONEOS_DEPLOYMENT_TARGET = 14.0;
				LD_RUNPATH_SEARCH_PATHS = (
					"$(inherited)",
					"@executable_path/Frameworks",
				);
				PRODUCT_BUNDLE_IDENTIFIER = com.axondragonscale.firechat;
				PRODUCT_NAME = "$(TARGET_NAME)";
				SWIFT_VERSION = 5.0;
				TARGETED_DEVICE_FAMILY = "1,2";
			};
			name = Debug;
		};
		37B1F4F5261B731C0068311C /* Release */ = {
			isa = XCBuildConfiguration;
			baseConfigurationReference = C328FF1451BF92E0CC492D6A /* Pods-FireChat.release.xcconfig */;
			buildSettings = {
				ASSETCATALOG_COMPILER_APPICON_NAME = AppIcon;
				ASSETCATALOG_COMPILER_GLOBAL_ACCENT_COLOR_NAME = AccentColor;
				CODE_SIGN_STYLE = Automatic;
				DEVELOPMENT_ASSET_PATHS = "\"FireChat/Preview Content\"";
				DEVELOPMENT_TEAM = G6KCUL37UD;
				ENABLE_PREVIEWS = YES;
				INFOPLIST_FILE = FireChat/Info.plist;
				IPHONEOS_DEPLOYMENT_TARGET = 14.0;
				LD_RUNPATH_SEARCH_PATHS = (
					"$(inherited)",
					"@executable_path/Frameworks",
				);
				PRODUCT_BUNDLE_IDENTIFIER = com.axondragonscale.firechat;
				PRODUCT_NAME = "$(TARGET_NAME)";
				SWIFT_VERSION = 5.0;
				TARGETED_DEVICE_FAMILY = "1,2";
			};
			name = Release;
		};
/* End XCBuildConfiguration section */

/* Begin XCConfigurationList section */
		37B1F4DF261B731A0068311C /* Build configuration list for PBXProject "FireChat" */ = {
			isa = XCConfigurationList;
			buildConfigurations = (
				37B1F4F1261B731C0068311C /* Debug */,
				37B1F4F2261B731C0068311C /* Release */,
			);
			defaultConfigurationIsVisible = 0;
			defaultConfigurationName = Release;
		};
		37B1F4F3261B731C0068311C /* Build configuration list for PBXNativeTarget "FireChat" */ = {
			isa = XCConfigurationList;
			buildConfigurations = (
				37B1F4F4261B731C0068311C /* Debug */,
				37B1F4F5261B731C0068311C /* Release */,
			);
			defaultConfigurationIsVisible = 0;
			defaultConfigurationName = Release;
		};
/* End XCConfigurationList section */
	};
	rootObject = 37B1F4DC261B731A0068311C /* Project object */;
}
